// !$*UTF8*$!
{
	archiveVersion = 1;
	classes = {
	};
	objectVersion = 50;
	objects = {

/* Begin PBXBuildFile section */
		3FBBFB792532AA5B007A5493 /* File.swift in Sources */ = {isa = PBXBuildFile; fileRef = 3FBBFB782532AA5B007A5493 /* File.swift */; };
		3FE12A982532864A00CEC95D /* AppDelegate.swift in Sources */ = {isa = PBXBuildFile; fileRef = 3FE12A972532864A00CEC95D /* AppDelegate.swift */; };
		3FE12A9A2532864A00CEC95D /* SceneDelegate.swift in Sources */ = {isa = PBXBuildFile; fileRef = 3FE12A992532864A00CEC95D /* SceneDelegate.swift */; };
		3FE12A9C2532864A00CEC95D /* ViewController.swift in Sources */ = {isa = PBXBuildFile; fileRef = 3FE12A9B2532864A00CEC95D /* ViewController.swift */; };
		3FE12A9F2532864A00CEC95D /* Main.storyboard in Resources */ = {isa = PBXBuildFile; fileRef = 3FE12A9D2532864A00CEC95D /* Main.storyboard */; };
		3FE12AA12532864E00CEC95D /* Assets.xcassets in Resources */ = {isa = PBXBuildFile; fileRef = 3FE12AA02532864E00CEC95D /* Assets.xcassets */; };
		3FE12AA42532864E00CEC95D /* LaunchScreen.storyboard in Resources */ = {isa = PBXBuildFile; fileRef = 3FE12AA22532864E00CEC95D /* LaunchScreen.storyboard */; };
/* End PBXBuildFile section */

/* Begin PBXFileReference section */
		3FBBFB782532AA5B007A5493 /* File.swift */ = {isa = PBXFileReference; lastKnownFileType = sourcecode.swift; path = File.swift; sourceTree = "<group>"; };
		3FE12A942532864A00CEC95D /* IMO01HelloUniverse.app */ = {isa = PBXFileReference; explicitFileType = wrapper.application; includeInIndex = 0; path = IMO01HelloUniverse.app; sourceTree = BUILT_PRODUCTS_DIR; };
		3FE12A972532864A00CEC95D /* AppDelegate.swift */ = {isa = PBXFileReference; lastKnownFileType = sourcecode.swift; path = AppDelegate.swift; sourceTree = "<group>"; };
		3FE12A992532864A00CEC95D /* SceneDelegate.swift */ = {isa = PBXFileReference; lastKnownFileType = sourcecode.swift; path = SceneDelegate.swift; sourceTree = "<group>"; };
		3FE12A9B2532864A00CEC95D /* ViewController.swift */ = {isa = PBXFileReference; lastKnownFileType = sourcecode.swift; path = ViewController.swift; sourceTree = "<group>"; };
		3FE12A9E2532864A00CEC95D /* Base */ = {isa = PBXFileReference; lastKnownFileType = file.storyboard; name = Base; path = Base.lproj/Main.storyboard; sourceTree = "<group>"; };
		3FE12AA02532864E00CEC95D /* Assets.xcassets */ = {isa = PBXFileReference; lastKnownFileType = folder.assetcatalog; path = Assets.xcassets; sourceTree = "<group>"; };
		3FE12AA32532864E00CEC95D /* Base */ = {isa = PBXFileReference; lastKnownFileType = file.storyboard; name = Base; path = Base.lproj/LaunchScreen.storyboard; sourceTree = "<group>"; };
		3FE12AA52532864E00CEC95D /* Info.plist */ = {isa = PBXFileReference; lastKnownFileType = text.plist.xml; path = Info.plist; sourceTree = "<group>"; };
/* End PBXFileReference section */

/* Begin PBXFrameworksBuildPhase section */
		3FE12A912532864A00CEC95D /* Frameworks */ = {
			isa = PBXFrameworksBuildPhase;
			buildActionMask = 2147483647;
			files = (
			);
			runOnlyForDeploymentPostprocessing = 0;
		};
/* End PBXFrameworksBuildPhase section */

/* Begin PBXGroup section */
		3FE12A8B2532864A00CEC95D = {
			isa = PBXGroup;
			children = (
				3FE12A962532864A00CEC95D /* IMO01HelloUniverse */,
				3FE12A952532864A00CEC95D /* Products */,
			);
			sourceTree = "<group>";
		};
		3FE12A952532864A00CEC95D /* Products */ = {
			isa = PBXGroup;
			children = (
				3FE12A942532864A00CEC95D /* IMO01HelloUniverse.app */,
			);
			name = Products;
			sourceTree = "<group>";
		};
		3FE12A962532864A00CEC95D /* IMO01HelloUniverse */ = {
			isa = PBXGroup;
			children = (
				3FE12A972532864A00CEC95D /* AppDelegate.swift */,
				3FE12A992532864A00CEC95D /* SceneDelegate.swift */,
				3FE12A9B2532864A00CEC95D /* ViewController.swift */,
				3FE12A9D2532864A00CEC95D /* Main.storyboard */,
				3FE12AA02532864E00CEC95D /* Assets.xcassets */,
				3FE12AA22532864E00CEC95D /* LaunchScreen.storyboard */,
				3FE12AA52532864E00CEC95D /* Info.plist */,
				3FBBFB782532AA5B007A5493 /* File.swift */,
			);
			path = IMO01HelloUniverse;
			sourceTree = "<group>";
		};
/* End PBXGroup section */

/* Begin PBXNativeTarget section */
		3FE12A932532864A00CEC95D /* IMO01HelloUniverse */ = {
			isa = PBXNativeTarget;
			buildConfigurationList = 3FE12AA82532864E00CEC95D /* Build configuration list for PBXNativeTarget "IMO01HelloUniverse" */;
			buildPhases = (
				3FE12A902532864A00CEC95D /* Sources */,
				3FE12A912532864A00CEC95D /* Frameworks */,
				3FE12A922532864A00CEC95D /* Resources */,
			);
			buildRules = (
			);
			dependencies = (
			);
			name = IMO01HelloUniverse;
			productName = IMO01HelloUniverse;
			productReference = 3FE12A942532864A00CEC95D /* IMO01HelloUniverse.app */;
			productType = "com.apple.product-type.application";
		};
/* End PBXNativeTarget section */

/* Begin PBXProject section */
		3FE12A8C2532864A00CEC95D /* Project object */ = {
			isa = PBXProject;
			attributes = {
				LastSwiftUpdateCheck = 1120;
				LastUpgradeCheck = 1120;
				ORGANIZATIONNAME = "Iago Jose";
				TargetAttributes = {
					3FE12A932532864A00CEC95D = {
						CreatedOnToolsVersion = 11.2.1;
					};
				};
			};
			buildConfigurationList = 3FE12A8F2532864A00CEC95D /* Build configuration list for PBXProject "IMO01HelloUniverse" */;
			compatibilityVersion = "Xcode 9.3";
			developmentRegion = en;
			hasScannedForEncodings = 0;
			knownRegions = (
				en,
				Base,
			);
			mainGroup = 3FE12A8B2532864A00CEC95D;
			productRefGroup = 3FE12A952532864A00CEC95D /* Products */;
			projectDirPath = "";
			projectRoot = "";
			targets = (
				3FE12A932532864A00CEC95D /* IMO01HelloUniverse */,
			);
		};
/* End PBXProject section */

/* Begin PBXResourcesBuildPhase section */
		3FE12A922532864A00CEC95D /* Resources */ = {
			isa = PBXResourcesBuildPhase;
			buildActionMask = 2147483647;
			files = (
				3FE12AA42532864E00CEC95D /* LaunchScreen.storyboard in Resources */,
				3FE12AA12532864E00CEC95D /* Assets.xcassets in Resources */,
				3FE12A9F2532864A00CEC95D /* Main.storyboard in Resources */,
			);
			runOnlyForDeploymentPostprocessing = 0;
		};
/* End PBXResourcesBuildPhase section */

/* Begin PBXSourcesBuildPhase section */
		3FE12A902532864A00CEC95D /* Sources */ = {
			isa = PBXSourcesBuildPhase;
			buildActionMask = 2147483647;
			files = (
				3FE12A9C2532864A00CEC95D /* ViewController.swift in Sources */,
				3FBBFB792532AA5B007A5493 /* File.swift in Sources */,
				3FE12A982532864A00CEC95D /* AppDelegate.swift in Sources */,
				3FE12A9A2532864A00CEC95D /* SceneDelegate.swift in Sources */,
			);
			runOnlyForDeploymentPostprocessing = 0;
		};
/* End PBXSourcesBuildPhase section */

/* Begin PBXVariantGroup section */
		3FE12A9D2532864A00CEC95D /* Main.storyboard */ = {
			isa = PBXVariantGroup;
			children = (
				3FE12A9E2532864A00CEC95D /* Base */,
			);
			name = Main.storyboard;
			sourceTree = "<group>";
		};
		3FE12AA22532864E00CEC95D /* LaunchScreen.storyboard */ = {
			isa = PBXVariantGroup;
			children = (
				3FE12AA32532864E00CEC95D /* Base */,
			);
			name = LaunchScreen.storyboard;
			sourceTree = "<group>";
		};
/* End PBXVariantGroup section */

/* Begin XCBuildConfiguration section */
		3FE12AA62532864E00CEC95D /* Debug */ = {
			isa = XCBuildConfiguration;
			buildSettings = {
				ALWAYS_SEARCH_USER_PATHS = NO;
				CLANG_ANALYZER_NONNULL = YES;
				CLANG_ANALYZER_NUMBER_OBJECT_CONVERSION = YES_AGGRESSIVE;
				CLANG_CXX_LANGUAGE_STANDARD = "gnu++14";
				CLANG_CXX_LIBRARY = "libc++";
				CLANG_ENABLE_MODULES = YES;
				CLANG_ENABLE_OBJC_ARC = YES;
				CLANG_ENABLE_OBJC_WEAK = YES;
				CLANG_WARN_BLOCK_CAPTURE_AUTORELEASING = YES;
				CLANG_WARN_BOOL_CONVERSION = YES;
				CLANG_WARN_COMMA = YES;
				CLANG_WARN_CONSTANT_CONVERSION = YES;
				CLANG_WARN_DEPRECATED_OBJC_IMPLEMENTATIONS = YES;
				CLANG_WARN_DIRECT_OBJC_ISA_USAGE = YES_ERROR;
				CLANG_WARN_DOCUMENTATION_COMMENTS = YES;
				CLANG_WARN_EMPTY_BODY = YES;
				CLANG_WARN_ENUM_CONVERSION = YES;
				CLANG_WARN_INFINITE_RECURSION = YES;
				CLANG_WARN_INT_CONVERSION = YES;
				CLANG_WARN_NON_LITERAL_NULL_CONVERSION = YES;
				CLANG_WARN_OBJC_IMPLICIT_RETAIN_SELF = YES;
				CLANG_WARN_OBJC_LITERAL_CONVERSION = YES;
				CLANG_WARN_OBJC_ROOT_CLASS = YES_ERROR;
				CLANG_WARN_RANGE_LOOP_ANALYSIS = YES;
				CLANG_WARN_STRICT_PROTOTYPES = YES;
				CLANG_WARN_SUSPICIOUS_MOVE = YES;
				CLANG_WARN_UNGUARDED_AVAILABILITY = YES_AGGRESSIVE;
				CLANG_WARN_UNREACHABLE_CODE = YES;
				CLANG_WARN__DUPLICATE_METHOD_MATCH = YES;
				COPY_PHASE_STRIP = NO;
				DEBUG_INFORMATION_FORMAT = dwarf;
				ENABLE_STRICT_OBJC_MSGSEND = YES;
				ENABLE_TESTABILITY = YES;
				GCC_C_LANGUAGE_STANDARD = gnu11;
				GCC_DYNAMIC_NO_PIC = NO;
				GCC_NO_COMMON_BLOCKS = YES;
				GCC_OPTIMIZATION_LEVEL = 0;
				GCC_PREPROCESSOR_DEFINITIONS = (
					"DEBUG=1",
					"$(inherited)",
				);
				GCC_WARN_64_TO_32_BIT_CONVERSION = YES;
				GCC_WARN_ABOUT_RETURN_TYPE = YES_ERROR;
				GCC_WARN_UNDECLARED_SELECTOR = YES;
				GCC_WARN_UNINITIALIZED_AUTOS = YES_AGGRESSIVE;
				GCC_WARN_UNUSED_FUNCTION = YES;
				GCC_WARN_UNUSED_VARIABLE = YES;
				IPHONEOS_DEPLOYMENT_TARGET = 13.2;
				MTL_ENABLE_DEBUG_INFO = INCLUDE_SOURCE;
				MTL_FAST_MATH = YES;
				ONLY_ACTIVE_ARCH = YES;
				SDKROOT = iphoneos;
				SWIFT_ACTIVE_COMPILATION_CONDITIONS = DEBUG;
				SWIFT_OPTIMIZATION_LEVEL = "-Onone";
			};
			name = Debug;
		};
		3FE12AA72532864E00CEC95D /* Release */ = {
			isa = XCBuildConfiguration;
			buildSettings = {
				ALWAYS_SEARCH_USER_PATHS = NO;
				CLANG_ANALYZER_NONNULL = YES;
				CLANG_ANALYZER_NUMBER_OBJECT_CONVERSION = YES_AGGRESSIVE;
				CLANG_CXX_LANGUAGE_STANDARD = "gnu++14";
				CLANG_CXX_LIBRARY = "libc++";
				CLANG_ENABLE_MODULES = YES;
				CLANG_ENABLE_OBJC_ARC = YES;
				CLANG_ENABLE_OBJC_WEAK = YES;
				CLANG_WARN_BLOCK_CAPTURE_AUTORELEASING = YES;
				CLANG_WARN_BOOL_CONVERSION = YES;
				CLANG_WARN_COMMA = YES;
				CLANG_WARN_CONSTANT_CONVERSION = YES;
				CLANG_WARN_DEPRECATED_OBJC_IMPLEMENTATIONS = YES;
				CLANG_WARN_DIRECT_OBJC_ISA_USAGE = YES_ERROR;
				CLANG_WARN_DOCUMENTATION_COMMENTS = YES;
				CLANG_WARN_EMPTY_BODY = YES;
				CLANG_WARN_ENUM_CONVERSION = YES;
				CLANG_WARN_INFINITE_RECURSION = YES;
				CLANG_WARN_INT_CONVERSION = YES;
				CLANG_WARN_NON_LITERAL_NULL_CONVERSION = YES;
				CLANG_WARN_OBJC_IMPLICIT_RETAIN_SELF = YES;
				CLANG_WARN_OBJC_LITERAL_CONVERSION = YES;
				CLANG_WARN_OBJC_ROOT_CLASS = YES_ERROR;
				CLANG_WARN_RANGE_LOOP_ANALYSIS = YES;
				CLANG_WARN_STRICT_PROTOTYPES = YES;
				CLANG_WARN_SUSPICIOUS_MOVE = YES;
				CLANG_WARN_UNGUARDED_AVAILABILITY = YES_AGGRESSIVE;
				CLANG_WARN_UNREACHABLE_CODE = YES;
				CLANG_WARN__DUPLICATE_METHOD_MATCH = YES;
				COPY_PHASE_STRIP = NO;
				DEBUG_INFORMATION_FORMAT = "dwarf-with-dsym";
				ENABLE_NS_ASSERTIONS = NO;
				ENABLE_STRICT_OBJC_MSGSEND = YES;
				GCC_C_LANGUAGE_STANDARD = gnu11;
				GCC_NO_COMMON_BLOCKS = YES;
				GCC_WARN_64_TO_32_BIT_CONVERSION = YES;
				GCC_WARN_ABOUT_RETURN_TYPE = YES_ERROR;
				GCC_WARN_UNDECLARED_SELECTOR = YES;
				GCC_WARN_UNINITIALIZED_AUTOS = YES_AGGRESSIVE;
				GCC_WARN_UNUSED_FUNCTION = YES;
				GCC_WARN_UNUSED_VARIABLE = YES;
				IPHONEOS_DEPLOYMENT_TARGET = 13.2;
				MTL_ENABLE_DEBUG_INFO = NO;
				MTL_FAST_MATH = YES;
				SDKROOT = iphoneos;
				SWIFT_COMPILATION_MODE = wholemodule;
				SWIFT_OPTIMIZATION_LEVEL = "-O";
				VALIDATE_PRODUCT = YES;
			};
			name = Release;
		};
		3FE12AA92532864E00CEC95D /* Debug */ = {
			isa = XCBuildConfiguration;
			buildSettings = {
				ASSETCATALOG_COMPILER_APPICON_NAME = AppIcon;
				CODE_SIGN_STYLE = Automatic;
				DEVELOPMENT_TEAM = HJNQS74HC9;
				INFOPLIST_FILE = IMO01HelloUniverse/Info.plist;
				LD_RUNPATH_SEARCH_PATHS = (
					"$(inherited)",
					"@executable_path/Frameworks",
				);
				PRODUCT_BUNDLE_IDENTIFIER = com.ProgramasIMO.IMO01HelloUniverse;
				PRODUCT_NAME = "$(TARGET_NAME)";
				SWIFT_VERSION = 5.0;
				TARGETED_DEVICE_FAMILY = "1,2";
			};
			name = Debug;
		};
		3FE12AAA2532864E00CEC95D /* Release */ = {
			isa = XCBuildConfiguration;
			buildSettings = {
				ASSETCATALOG_COMPILER_APPICON_NAME = AppIcon;
				CODE_SIGN_STYLE = Automatic;
				DEVELOPMENT_TEAM = HJNQS74HC9;
				INFOPLIST_FILE = IMO01HelloUniverse/Info.plist;
				LD_RUNPATH_SEARCH_PATHS = (
					"$(inherited)",
					"@executable_path/Frameworks",
				);
				PRODUCT_BUNDLE_IDENTIFIER = com.ProgramasIMO.IMO01HelloUniverse;
				PRODUCT_NAME = "$(TARGET_NAME)";
				SWIFT_VERSION = 5.0;
				TARGETED_DEVICE_FAMILY = "1,2";
			};
			name = Release;
		};
/* End XCBuildConfiguration section */

/* Begin XCConfigurationList section */
		3FE12A8F2532864A00CEC95D /* Build configuration list for PBXProject "IMO01HelloUniverse" */ = {
			isa = XCConfigurationList;
			buildConfigurations = (
				3FE12AA62532864E00CEC95D /* Debug */,
				3FE12AA72532864E00CEC95D /* Release */,
			);
			defaultConfigurationIsVisible = 0;
			defaultConfigurationName = Release;
		};
		3FE12AA82532864E00CEC95D /* Build configuration list for PBXNativeTarget "IMO01HelloUniverse" */ = {
			isa = XCConfigurationList;
			buildConfigurations = (
				3FE12AA92532864E00CEC95D /* Debug */,
				3FE12AAA2532864E00CEC95D /* Release */,
			);
			defaultConfigurationIsVisible = 0;
			defaultConfigurationName = Release;
		};
/* End XCConfigurationList section */
	};
	rootObject = 3FE12A8C2532864A00CEC95D /* Project object */;
}
